
Microsoft Visual Studio Solution File, Format Version 12.00
# Visual Studio 15
VisualStudioVersion = 15.0.27130.2027
MinimumVisualStudioVersion = 10.0.40219.1
Project("{8BC9CEB8-8B4A-11D0-8D11-00A0C91BC942}") = "ChronocastEngine", "ChronocastEngine\ChronocastEngine.vcxproj", "{B932D462-5134-41AB-9B95-B8AB6F77F7E9}"
EndProject
Project("{8BC9CEB8-8B4A-11D0-8D11-00A0C91BC942}") = "ChronocastFramework", "ChronocastFramework\ChronocastFramework.vcxproj", "{8838AE57-6D97-4507-8F74-BAB120AA8EEF}"
EndProject
Project("{8BC9CEB8-8B4A-11D0-8D11-00A0C91BC942}") = "StreamControlEngine", "StreamControlEngine\StreamControlEngine.vcxproj", "{02D61B7F-B79A-436C-BC34-532B4AEA152B}"
EndProject
Project("{8BC9CEB8-8B4A-11D0-8D11-00A0C91BC942}") = "StreamMonitorEngine", "StreamMonitorEngine\StreamMonitorEngine.vcxproj", "{93425A6D-FF67-45BE-819B-0A57DF7A387B}"
EndProject
Global
	GlobalSection(SolutionConfigurationPlatforms) = preSolution
		Debug|x64 = Debug|x64
		Debug|x86 = Debug|x86
		Release|x64 = Release|x64
		Release|x86 = Release|x86
	EndGlobalSection
	GlobalSection(ProjectConfigurationPlatforms) = postSolution
		{B932D462-5134-41AB-9B95-B8AB6F77F7E9}.Debug|x64.ActiveCfg = Debug|x64
		{B932D462-5134-41AB-9B95-B8AB6F77F7E9}.Debug|x64.Build.0 = Debug|x64
		{B932D462-5134-41AB-9B95-B8AB6F77F7E9}.Debug|x86.ActiveCfg = Debug|Win32
		{B932D462-5134-41AB-9B95-B8AB6F77F7E9}.Debug|x86.Build.0 = Debug|Win32
		{B932D462-5134-41AB-9B95-B8AB6F77F7E9}.Release|x64.ActiveCfg = Release|x64
		{B932D462-5134-41AB-9B95-B8AB6F77F7E9}.Release|x64.Build.0 = Release|x64
		{B932D462-5134-41AB-9B95-B8AB6F77F7E9}.Release|x86.ActiveCfg = Release|Win32
		{B932D462-5134-41AB-9B95-B8AB6F77F7E9}.Release|x86.Build.0 = Release|Win32
		{8838AE57-6D97-4507-8F74-BAB120AA8EEF}.Debug|x64.ActiveCfg = Debug|x64
		{8838AE57-6D97-4507-8F74-BAB120AA8EEF}.Debug|x64.Build.0 = Debug|x64
		{8838AE57-6D97-4507-8F74-BAB120AA8EEF}.Debug|x86.ActiveCfg = Debug|Win32
		{8838AE57-6D97-4507-8F74-BAB120AA8EEF}.Debug|x86.Build.0 = Debug|Win32
		{8838AE57-6D97-4507-8F74-BAB120AA8EEF}.Release|x64.ActiveCfg = Release|x64
		{8838AE57-6D97-4507-8F74-BAB120AA8EEF}.Release|x64.Build.0 = Release|x64
		{8838AE57-6D97-4507-8F74-BAB120AA8EEF}.Release|x86.ActiveCfg = Release|Win32
		{8838AE57-6D97-4507-8F74-BAB120AA8EEF}.Release|x86.Build.0 = Release|Win32
		{02D61B7F-B79A-436C-BC34-532B4AEA152B}.Debug|x64.ActiveCfg = Debug|x64
		{02D61B7F-B79A-436C-BC34-532B4AEA152B}.Debug|x64.Build.0 = Debug|x64
		{02D61B7F-B79A-436C-BC34-532B4AEA152B}.Debug|x86.ActiveCfg = Debug|Win32
		{02D61B7F-B79A-436C-BC34-532B4AEA152B}.Debug|x86.Build.0 = Debug|Win32
		{02D61B7F-B79A-436C-BC34-532B4AEA152B}.Release|x64.ActiveCfg = Release|x64
		{02D61B7F-B79A-436C-BC34-532B4AEA152B}.Release|x64.Build.0 = Release|x64
		{02D61B7F-B79A-436C-BC34-532B4AEA152B}.Release|x86.ActiveCfg = Release|Win32
		{02D61B7F-B79A-436C-BC34-532B4AEA152B}.Release|x86.Build.0 = Release|Win32
		{93425A6D-FF67-45BE-819B-0A57DF7A387B}.Debug|x64.ActiveCfg = Debug|x64
		{93425A6D-FF67-45BE-819B-0A57DF7A387B}.Debug|x64.Build.0 = Debug|x64
		{93425A6D-FF67-45BE-819B-0A57DF7A387B}.Debug|x86.ActiveCfg = Debug|Win32
		{93425A6D-FF67-45BE-819B-0A57DF7A387B}.Debug|x86.Build.0 = Debug|Win32
		{93425A6D-FF67-45BE-819B-0A57DF7A387B}.Release|x64.ActiveCfg = Release|x64
		{93425A6D-FF67-45BE-819B-0A57DF7A387B}.Release|x64.Build.0 = Release|x64
		{93425A6D-FF67-45BE-819B-0A57DF7A387B}.Release|x86.ActiveCfg = Release|Win32
		{93425A6D-FF67-45BE-819B-0A57DF7A387B}.Release|x86.Build.0 = Release|Win32
	EndGlobalSection
	GlobalSection(SolutionProperties) = preSolution
		HideSolutionNode = FALSE
	EndGlobalSection
	GlobalSection(ExtensibilityGlobals) = postSolution
		SolutionGuid = {6D715621-15AC-448A-AE9D-9D3477970C4F}
	EndGlobalSection
EndGlobal
